// !$*UTF8*$!
{
	archiveVersion = 1;
	classes = {
	};
	objectVersion = 56;
	objects = {

/* Begin PBXBuildFile section */
		56B927BD2A53258800C19EA9 /* AppDelegate.swift in Sources */ = {isa = PBXBuildFile; fileRef = 56B927BC2A53258800C19EA9 /* AppDelegate.swift */; };
		56B927BF2A53258800C19EA9 /* SceneDelegate.swift in Sources */ = {isa = PBXBuildFile; fileRef = 56B927BE2A53258800C19EA9 /* SceneDelegate.swift */; };
		56B927C12A53258800C19EA9 /* LoginView.swift in Sources */ = {isa = PBXBuildFile; fileRef = 56B927C02A53258800C19EA9 /* LoginView.swift */; };
		56B927C42A53258800C19EA9 /* Main.storyboard in Resources */ = {isa = PBXBuildFile; fileRef = 56B927C22A53258800C19EA9 /* Main.storyboard */; };
		56B927C62A53258C00C19EA9 /* Assets.xcassets in Resources */ = {isa = PBXBuildFile; fileRef = 56B927C52A53258C00C19EA9 /* Assets.xcassets */; };
		56B927C92A53258C00C19EA9 /* LaunchScreen.storyboard in Resources */ = {isa = PBXBuildFile; fileRef = 56B927C72A53258C00C19EA9 /* LaunchScreen.storyboard */; };
		56B927D22A5326F600C19EA9 /* LoginViewModel.swift in Sources */ = {isa = PBXBuildFile; fileRef = 56B927D12A5326F600C19EA9 /* LoginViewModel.swift */; };
		56B927D52A53275600C19EA9 /* APIClient.swift in Sources */ = {isa = PBXBuildFile; fileRef = 56B927D42A53275600C19EA9 /* APIClient.swift */; };
		56B927D72A5328D900C19EA9 /* User.swift in Sources */ = {isa = PBXBuildFile; fileRef = 56B927D62A5328D900C19EA9 /* User.swift */; };
		56B927DA2A532CD200C19EA9 /* SnapKit in Frameworks */ = {isa = PBXBuildFile; productRef = 56B927D92A532CD200C19EA9 /* SnapKit */; };
		56C0013E2A53461400C052E8 /* HomeView.swift in Sources */ = {isa = PBXBuildFile; fileRef = 56C0013D2A53461400C052E8 /* HomeView.swift */; };
/* End PBXBuildFile section */

/* Begin PBXFileReference section */
		56B927B92A53258800C19EA9 /* MVVM.app */ = {isa = PBXFileReference; explicitFileType = wrapper.application; includeInIndex = 0; path = MVVM.app; sourceTree = BUILT_PRODUCTS_DIR; };
		56B927BC2A53258800C19EA9 /* AppDelegate.swift */ = {isa = PBXFileReference; lastKnownFileType = sourcecode.swift; path = AppDelegate.swift; sourceTree = "<group>"; };
		56B927BE2A53258800C19EA9 /* SceneDelegate.swift */ = {isa = PBXFileReference; lastKnownFileType = sourcecode.swift; path = SceneDelegate.swift; sourceTree = "<group>"; };
		56B927C02A53258800C19EA9 /* LoginView.swift */ = {isa = PBXFileReference; lastKnownFileType = sourcecode.swift; path = LoginView.swift; sourceTree = "<group>"; };
		56B927C32A53258800C19EA9 /* Base */ = {isa = PBXFileReference; lastKnownFileType = file.storyboard; name = Base; path = Base.lproj/Main.storyboard; sourceTree = "<group>"; };
		56B927C52A53258C00C19EA9 /* Assets.xcassets */ = {isa = PBXFileReference; lastKnownFileType = folder.assetcatalog; path = Assets.xcassets; sourceTree = "<group>"; };
		56B927C82A53258C00C19EA9 /* Base */ = {isa = PBXFileReference; lastKnownFileType = file.storyboard; name = Base; path = Base.lproj/LaunchScreen.storyboard; sourceTree = "<group>"; };
		56B927CA2A53258C00C19EA9 /* Info.plist */ = {isa = PBXFileReference; lastKnownFileType = text.plist.xml; path = Info.plist; sourceTree = "<group>"; };
		56B927D12A5326F600C19EA9 /* LoginViewModel.swift */ = {isa = PBXFileReference; lastKnownFileType = sourcecode.swift; path = LoginViewModel.swift; sourceTree = "<group>"; };
		56B927D42A53275600C19EA9 /* APIClient.swift */ = {isa = PBXFileReference; lastKnownFileType = sourcecode.swift; path = APIClient.swift; sourceTree = "<group>"; };
		56B927D62A5328D900C19EA9 /* User.swift */ = {isa = PBXFileReference; lastKnownFileType = sourcecode.swift; path = User.swift; sourceTree = "<group>"; };
		56C0013D2A53461400C052E8 /* HomeView.swift */ = {isa = PBXFileReference; lastKnownFileType = sourcecode.swift; path = HomeView.swift; sourceTree = "<group>"; };
/* End PBXFileReference section */

/* Begin PBXFrameworksBuildPhase section */
		56B927B62A53258800C19EA9 /* Frameworks */ = {
			isa = PBXFrameworksBuildPhase;
			buildActionMask = 2147483647;
			files = (
				56B927DA2A532CD200C19EA9 /* SnapKit in Frameworks */,
			);
			runOnlyForDeploymentPostprocessing = 0;
		};
/* End PBXFrameworksBuildPhase section */

/* Begin PBXGroup section */
		56B927B02A53258800C19EA9 = {
			isa = PBXGroup;
			children = (
				56B927BB2A53258800C19EA9 /* MVVM */,
				56B927BA2A53258800C19EA9 /* Products */,
			);
			sourceTree = "<group>";
		};
		56B927BA2A53258800C19EA9 /* Products */ = {
			isa = PBXGroup;
			children = (
				56B927B92A53258800C19EA9 /* MVVM.app */,
			);
			name = Products;
			sourceTree = "<group>";
		};
		56B927BB2A53258800C19EA9 /* MVVM */ = {
			isa = PBXGroup;
			children = (
				56C0013C2A5345F200C052E8 /* Home */,
				56B927BC2A53258800C19EA9 /* AppDelegate.swift */,
				56B927BE2A53258800C19EA9 /* SceneDelegate.swift */,
				56B927D02A5326C300C19EA9 /* Login */,
				56B927C22A53258800C19EA9 /* Main.storyboard */,
				56B927C52A53258C00C19EA9 /* Assets.xcassets */,
				56B927C72A53258C00C19EA9 /* LaunchScreen.storyboard */,
				56B927CA2A53258C00C19EA9 /* Info.plist */,
			);
			path = MVVM;
			sourceTree = "<group>";
		};
		56B927D02A5326C300C19EA9 /* Login */ = {
			isa = PBXGroup;
			children = (
				56B927D32A53270200C19EA9 /* Model */,
				56B927C02A53258800C19EA9 /* LoginView.swift */,
				56B927D12A5326F600C19EA9 /* LoginViewModel.swift */,
			);
			path = Login;
			sourceTree = "<group>";
		};
		56B927D32A53270200C19EA9 /* Model */ = {
			isa = PBXGroup;
			children = (
				56B927D42A53275600C19EA9 /* APIClient.swift */,
				56B927D62A5328D900C19EA9 /* User.swift */,
			);
			path = Model;
			sourceTree = "<group>";
		};
		56C0013C2A5345F200C052E8 /* Home */ = {
			isa = PBXGroup;
			children = (
				56C0013F2A53461D00C052E8 /* Model */,
				56C0013D2A53461400C052E8 /* HomeView.swift */,
			);
			path = Home;
			sourceTree = "<group>";
		};
		56C0013F2A53461D00C052E8 /* Model */ = {
			isa = PBXGroup;
			children = (
			);
			path = Model;
			sourceTree = "<group>";
		};
/* End PBXGroup section */

/* Begin PBXNativeTarget section */
		56B927B82A53258800C19EA9 /* MVVM */ = {
			isa = PBXNativeTarget;
			buildConfigurationList = 56B927CD2A53258C00C19EA9 /* Build configuration list for PBXNativeTarget "MVVM" */;
			buildPhases = (
				56B927B52A53258800C19EA9 /* Sources */,
				56B927B62A53258800C19EA9 /* Frameworks */,
				56B927B72A53258800C19EA9 /* Resources */,
			);
			buildRules = (
			);
			dependencies = (
			);
			name = MVVM;
			packageProductDependencies = (
				56B927D92A532CD200C19EA9 /* SnapKit */,
			);
			productName = MVVM;
			productReference = 56B927B92A53258800C19EA9 /* MVVM.app */;
			productType = "com.apple.product-type.application";
		};
/* End PBXNativeTarget section */

/* Begin PBXProject section */
		56B927B12A53258800C19EA9 /* Project object */ = {
			isa = PBXProject;
			attributes = {
				BuildIndependentTargetsInParallel = 1;
				LastSwiftUpdateCheck = 1420;
				LastUpgradeCheck = 1420;
				TargetAttributes = {
					56B927B82A53258800C19EA9 = {
						CreatedOnToolsVersion = 14.2;
					};
				};
			};
			buildConfigurationList = 56B927B42A53258800C19EA9 /* Build configuration list for PBXProject "MVVM" */;
			compatibilityVersion = "Xcode 14.0";
			developmentRegion = en;
			hasScannedForEncodings = 0;
			knownRegions = (
				en,
				Base,
			);
			mainGroup = 56B927B02A53258800C19EA9;
			packageReferences = (
				56B927D82A532CD200C19EA9 /* XCRemoteSwiftPackageReference "SnapKit" */,
			);
			productRefGroup = 56B927BA2A53258800C19EA9 /* Products */;
			projectDirPath = "";
			projectRoot = "";
			targets = (
				56B927B82A53258800C19EA9 /* MVVM */,
			);
		};
/* End PBXProject section */

/* Begin PBXResourcesBuildPhase section */
		56B927B72A53258800C19EA9 /* Resources */ = {
			isa = PBXResourcesBuildPhase;
			buildActionMask = 2147483647;
			files = (
				56B927C92A53258C00C19EA9 /* LaunchScreen.storyboard in Resources */,
				56B927C62A53258C00C19EA9 /* Assets.xcassets in Resources */,
				56B927C42A53258800C19EA9 /* Main.storyboard in Resources */,
			);
			runOnlyForDeploymentPostprocessing = 0;
		};
/* End PBXResourcesBuildPhase section */

/* Begin PBXSourcesBuildPhase section */
		56B927B52A53258800C19EA9 /* Sources */ = {
			isa = PBXSourcesBuildPhase;
			buildActionMask = 2147483647;
			files = (
				56B927D22A5326F600C19EA9 /* LoginViewModel.swift in Sources */,
				56C0013E2A53461400C052E8 /* HomeView.swift in Sources */,
				56B927C12A53258800C19EA9 /* LoginView.swift in Sources */,
				56B927D72A5328D900C19EA9 /* User.swift in Sources */,
				56B927BD2A53258800C19EA9 /* AppDelegate.swift in Sources */,
				56B927D52A53275600C19EA9 /* APIClient.swift in Sources */,
				56B927BF2A53258800C19EA9 /* SceneDelegate.swift in Sources */,
			);
			runOnlyForDeploymentPostprocessing = 0;
		};
/* End PBXSourcesBuildPhase section */

/* Begin PBXVariantGroup section */
		56B927C22A53258800C19EA9 /* Main.storyboard */ = {
			isa = PBXVariantGroup;
			children = (
				56B927C32A53258800C19EA9 /* Base */,
			);
			name = Main.storyboard;
			sourceTree = "<group>";
		};
		56B927C72A53258C00C19EA9 /* LaunchScreen.storyboard */ = {
			isa = PBXVariantGroup;
			children = (
				56B927C82A53258C00C19EA9 /* Base */,
			);
			name = LaunchScreen.storyboard;
			sourceTree = "<group>";
		};
/* End PBXVariantGroup section */

/* Begin XCBuildConfiguration section */
		56B927CB2A53258C00C19EA9 /* Debug */ = {
			isa = XCBuildConfiguration;
			buildSettings = {
				ALWAYS_SEARCH_USER_PATHS = NO;
				CLANG_ANALYZER_NONNULL = YES;
				CLANG_ANALYZER_NUMBER_OBJECT_CONVERSION = YES_AGGRESSIVE;
				CLANG_CXX_LANGUAGE_STANDARD = "gnu++20";
				CLANG_ENABLE_MODULES = YES;
				CLANG_ENABLE_OBJC_ARC = YES;
				CLANG_ENABLE_OBJC_WEAK = YES;
				CLANG_WARN_BLOCK_CAPTURE_AUTORELEASING = YES;
				CLANG_WARN_BOOL_CONVERSION = YES;
				CLANG_WARN_COMMA = YES;
				CLANG_WARN_CONSTANT_CONVERSION = YES;
				CLANG_WARN_DEPRECATED_OBJC_IMPLEMENTATIONS = YES;
				CLANG_WARN_DIRECT_OBJC_ISA_USAGE = YES_ERROR;
				CLANG_WARN_DOCUMENTATION_COMMENTS = YES;
				CLANG_WARN_EMPTY_BODY = YES;
				CLANG_WARN_ENUM_CONVERSION = YES;
				CLANG_WARN_INFINITE_RECURSION = YES;
				CLANG_WARN_INT_CONVERSION = YES;
				CLANG_WARN_NON_LITERAL_NULL_CONVERSION = YES;
				CLANG_WARN_OBJC_IMPLICIT_RETAIN_SELF = YES;
				CLANG_WARN_OBJC_LITERAL_CONVERSION = YES;
				CLANG_WARN_OBJC_ROOT_CLASS = YES_ERROR;
				CLANG_WARN_QUOTED_INCLUDE_IN_FRAMEWORK_HEADER = YES;
				CLANG_WARN_RANGE_LOOP_ANALYSIS = YES;
				CLANG_WARN_STRICT_PROTOTYPES = YES;
				CLANG_WARN_SUSPICIOUS_MOVE = YES;
				CLANG_WARN_UNGUARDED_AVAILABILITY = YES_AGGRESSIVE;
				CLANG_WARN_UNREACHABLE_CODE = YES;
				CLANG_WARN__DUPLICATE_METHOD_MATCH = YES;
				COPY_PHASE_STRIP = NO;
				DEBUG_INFORMATION_FORMAT = dwarf;
				ENABLE_STRICT_OBJC_MSGSEND = YES;
				ENABLE_TESTABILITY = YES;
				GCC_C_LANGUAGE_STANDARD = gnu11;
				GCC_DYNAMIC_NO_PIC = NO;
				GCC_NO_COMMON_BLOCKS = YES;
				GCC_OPTIMIZATION_LEVEL = 0;
				GCC_PREPROCESSOR_DEFINITIONS = (
					"DEBUG=1",
					"$(inherited)",
				);
				GCC_WARN_64_TO_32_BIT_CONVERSION = YES;
				GCC_WARN_ABOUT_RETURN_TYPE = YES_ERROR;
				GCC_WARN_UNDECLARED_SELECTOR = YES;
				GCC_WARN_UNINITIALIZED_AUTOS = YES_AGGRESSIVE;
				GCC_WARN_UNUSED_FUNCTION = YES;
				GCC_WARN_UNUSED_VARIABLE = YES;
				IPHONEOS_DEPLOYMENT_TARGET = 16.2;
				MTL_ENABLE_DEBUG_INFO = INCLUDE_SOURCE;
				MTL_FAST_MATH = YES;
				ONLY_ACTIVE_ARCH = YES;
				SDKROOT = iphoneos;
				SWIFT_ACTIVE_COMPILATION_CONDITIONS = DEBUG;
				SWIFT_OPTIMIZATION_LEVEL = "-Onone";
			};
			name = Debug;
		};
		56B927CC2A53258C00C19EA9 /* Release */ = {
			isa = XCBuildConfiguration;
			buildSettings = {
				ALWAYS_SEARCH_USER_PATHS = NO;
				CLANG_ANALYZER_NONNULL = YES;
				CLANG_ANALYZER_NUMBER_OBJECT_CONVERSION = YES_AGGRESSIVE;
				CLANG_CXX_LANGUAGE_STANDARD = "gnu++20";
				CLANG_ENABLE_MODULES = YES;
				CLANG_ENABLE_OBJC_ARC = YES;
				CLANG_ENABLE_OBJC_WEAK = YES;
				CLANG_WARN_BLOCK_CAPTURE_AUTORELEASING = YES;
				CLANG_WARN_BOOL_CONVERSION = YES;
				CLANG_WARN_COMMA = YES;
				CLANG_WARN_CONSTANT_CONVERSION = YES;
				CLANG_WARN_DEPRECATED_OBJC_IMPLEMENTATIONS = YES;
				CLANG_WARN_DIRECT_OBJC_ISA_USAGE = YES_ERROR;
				CLANG_WARN_DOCUMENTATION_COMMENTS = YES;
				CLANG_WARN_EMPTY_BODY = YES;
				CLANG_WARN_ENUM_CONVERSION = YES;
				CLANG_WARN_INFINITE_RECURSION = YES;
				CLANG_WARN_INT_CONVERSION = YES;
				CLANG_WARN_NON_LITERAL_NULL_CONVERSION = YES;
				CLANG_WARN_OBJC_IMPLICIT_RETAIN_SELF = YES;
				CLANG_WARN_OBJC_LITERAL_CONVERSION = YES;
				CLANG_WARN_OBJC_ROOT_CLASS = YES_ERROR;
				CLANG_WARN_QUOTED_INCLUDE_IN_FRAMEWORK_HEADER = YES;
				CLANG_WARN_RANGE_LOOP_ANALYSIS = YES;
				CLANG_WARN_STRICT_PROTOTYPES = YES;
				CLANG_WARN_SUSPICIOUS_MOVE = YES;
				CLANG_WARN_UNGUARDED_AVAILABILITY = YES_AGGRESSIVE;
				CLANG_WARN_UNREACHABLE_CODE = YES;
				CLANG_WARN__DUPLICATE_METHOD_MATCH = YES;
				COPY_PHASE_STRIP = NO;
				DEBUG_INFORMATION_FORMAT = "dwarf-with-dsym";
				ENABLE_NS_ASSERTIONS = NO;
				ENABLE_STRICT_OBJC_MSGSEND = YES;
				GCC_C_LANGUAGE_STANDARD = gnu11;
				GCC_NO_COMMON_BLOCKS = YES;
				GCC_WARN_64_TO_32_BIT_CONVERSION = YES;
				GCC_WARN_ABOUT_RETURN_TYPE = YES_ERROR;
				GCC_WARN_UNDECLARED_SELECTOR = YES;
				GCC_WARN_UNINITIALIZED_AUTOS = YES_AGGRESSIVE;
				GCC_WARN_UNUSED_FUNCTION = YES;
				GCC_WARN_UNUSED_VARIABLE = YES;
				IPHONEOS_DEPLOYMENT_TARGET = 16.2;
				MTL_ENABLE_DEBUG_INFO = NO;
				MTL_FAST_MATH = YES;
				SDKROOT = iphoneos;
				SWIFT_COMPILATION_MODE = wholemodule;
				SWIFT_OPTIMIZATION_LEVEL = "-O";
				VALIDATE_PRODUCT = YES;
			};
			name = Release;
		};
		56B927CE2A53258C00C19EA9 /* Debug */ = {
			isa = XCBuildConfiguration;
			buildSettings = {
				ASSETCATALOG_COMPILER_APPICON_NAME = AppIcon;
				ASSETCATALOG_COMPILER_GLOBAL_ACCENT_COLOR_NAME = AccentColor;
				CODE_SIGN_STYLE = Automatic;
				CURRENT_PROJECT_VERSION = 1;
				DEVELOPMENT_TEAM = LHH3ZJBWTS;
				GENERATE_INFOPLIST_FILE = YES;
				INFOPLIST_FILE = MVVM/Info.plist;
				INFOPLIST_KEY_UIApplicationSupportsIndirectInputEvents = YES;
				INFOPLIST_KEY_UILaunchStoryboardName = LaunchScreen;
				INFOPLIST_KEY_UIMainStoryboardFile = Main;
				INFOPLIST_KEY_UISupportedInterfaceOrientations_iPad = "UIInterfaceOrientationPortrait UIInterfaceOrientationPortraitUpsideDown UIInterfaceOrientationLandscapeLeft UIInterfaceOrientationLandscapeRight";
				INFOPLIST_KEY_UISupportedInterfaceOrientations_iPhone = "UIInterfaceOrientationPortrait UIInterfaceOrientationLandscapeLeft UIInterfaceOrientationLandscapeRight";
				LD_RUNPATH_SEARCH_PATHS = (
					"$(inherited)",
					"@executable_path/Frameworks",
				);
				MARKETING_VERSION = 1.0;
				PRODUCT_BUNDLE_IDENTIFIER = com.develop.MVVM;
				PRODUCT_NAME = "$(TARGET_NAME)";
				SWIFT_EMIT_LOC_STRINGS = YES;
				SWIFT_VERSION = 5.0;
				TARGETED_DEVICE_FAMILY = "1,2";
			};
			name = Debug;
		};
		56B927CF2A53258C00C19EA9 /* Release */ = {
			isa = XCBuildConfiguration;
			buildSettings = {
				ASSETCATALOG_COMPILER_APPICON_NAME = AppIcon;
				ASSETCATALOG_COMPILER_GLOBAL_ACCENT_COLOR_NAME = AccentColor;
				CODE_SIGN_STYLE = Automatic;
				CURRENT_PROJECT_VERSION = 1;
				DEVELOPMENT_TEAM = LHH3ZJBWTS;
				GENERATE_INFOPLIST_FILE = YES;
				INFOPLIST_FILE = MVVM/Info.plist;
				INFOPLIST_KEY_UIApplicationSupportsIndirectInputEvents = YES;
				INFOPLIST_KEY_UILaunchStoryboardName = LaunchScreen;
				INFOPLIST_KEY_UIMainStoryboardFile = Main;
				INFOPLIST_KEY_UISupportedInterfaceOrientations_iPad = "UIInterfaceOrientationPortrait UIInterfaceOrientationPortraitUpsideDown UIInterfaceOrientationLandscapeLeft UIInterfaceOrientationLandscapeRight";
				INFOPLIST_KEY_UISupportedInterfaceOrientations_iPhone = "UIInterfaceOrientationPortrait UIInterfaceOrientationLandscapeLeft UIInterfaceOrientationLandscapeRight";
				LD_RUNPATH_SEARCH_PATHS = (
					"$(inherited)",
					"@executable_path/Frameworks",
				);
				MARKETING_VERSION = 1.0;
				PRODUCT_BUNDLE_IDENTIFIER = com.develop.MVVM;
				PRODUCT_NAME = "$(TARGET_NAME)";
				SWIFT_EMIT_LOC_STRINGS = YES;
				SWIFT_VERSION = 5.0;
				TARGETED_DEVICE_FAMILY = "1,2";
			};
			name = Release;
		};
/* End XCBuildConfiguration section */

/* Begin XCConfigurationList section */
		56B927B42A53258800C19EA9 /* Build configuration list for PBXProject "MVVM" */ = {
			isa = XCConfigurationList;
			buildConfigurations = (
				56B927CB2A53258C00C19EA9 /* Debug */,
				56B927CC2A53258C00C19EA9 /* Release */,
			);
			defaultConfigurationIsVisible = 0;
			defaultConfigurationName = Release;
		};
		56B927CD2A53258C00C19EA9 /* Build configuration list for PBXNativeTarget "MVVM" */ = {
			isa = XCConfigurationList;
			buildConfigurations = (
				56B927CE2A53258C00C19EA9 /* Debug */,
				56B927CF2A53258C00C19EA9 /* Release */,
			);
			defaultConfigurationIsVisible = 0;
			defaultConfigurationName = Release;
		};
/* End XCConfigurationList section */

/* Begin XCRemoteSwiftPackageReference section */
		56B927D82A532CD200C19EA9 /* XCRemoteSwiftPackageReference "SnapKit" */ = {
			isa = XCRemoteSwiftPackageReference;
			repositoryURL = "https://github.com/SnapKit/SnapKit.git";
			requirement = {
				branch = develop;
				kind = branch;
			};
		};
/* End XCRemoteSwiftPackageReference section */

/* Begin XCSwiftPackageProductDependency section */
		56B927D92A532CD200C19EA9 /* SnapKit */ = {
			isa = XCSwiftPackageProductDependency;
			package = 56B927D82A532CD200C19EA9 /* XCRemoteSwiftPackageReference "SnapKit" */;
			productName = SnapKit;
		};
/* End XCSwiftPackageProductDependency section */
	};
	rootObject = 56B927B12A53258800C19EA9 /* Project object */;
}
